
Microsoft Visual Studio Solution File, Format Version 12.00
# Visual Studio Version 16
VisualStudioVersion = 16.0.30413.136
MinimumVisualStudioVersion = 10.0.40219.1
Project("{FAE04EC0-301F-11D3-BF4B-00C04F79EFBC}") = "GridApp.Android", "GridApp\GridApp.Android\GridApp.Android.csproj", "{2198258E-AC94-4ABC-BAFE-F9F017C5DB94}"
EndProject
Project("{FAE04EC0-301F-11D3-BF4B-00C04F79EFBC}") = "GridApp.iOS", "GridApp\GridApp.iOS\GridApp.iOS.csproj", "{84E1E1EA-B019-4F40-AA2B-F5CBE547DD54}"
EndProject
Project("{FAE04EC0-301F-11D3-BF4B-00C04F79EFBC}") = "GridApp", "GridApp\GridApp\GridApp.csproj", "{754D188F-D1C6-4640-B812-E16C9F06B55E}"
EndProject
Global
	GlobalSection(SolutionConfigurationPlatforms) = preSolution
		Debug|Any CPU = Debug|Any CPU
		Debug|iPhone = Debug|iPhone
		Debug|iPhoneSimulator = Debug|iPhoneSimulator
		Release|Any CPU = Release|Any CPU
		Release|iPhone = Release|iPhone
		Release|iPhoneSimulator = Release|iPhoneSimulator
	EndGlobalSection
	GlobalSection(ProjectConfigurationPlatforms) = postSolution
		{2198258E-AC94-4ABC-BAFE-F9F017C5DB94}.Debug|Any CPU.ActiveCfg = Debug|Any CPU
		{2198258E-AC94-4ABC-BAFE-F9F017C5DB94}.Debug|Any CPU.Build.0 = Debug|Any CPU
		{2198258E-AC94-4ABC-BAFE-F9F017C5DB94}.Debug|Any CPU.Deploy.0 = Debug|Any CPU
		{2198258E-AC94-4ABC-BAFE-F9F017C5DB94}.Debug|iPhone.ActiveCfg = Debug|Any CPU
		{2198258E-AC94-4ABC-BAFE-F9F017C5DB94}.Debug|iPhone.Build.0 = Debug|Any CPU
		{2198258E-AC94-4ABC-BAFE-F9F017C5DB94}.Debug|iPhone.Deploy.0 = Debug|Any CPU
		{2198258E-AC94-4ABC-BAFE-F9F017C5DB94}.Debug|iPhoneSimulator.ActiveCfg = Debug|Any CPU
		{2198258E-AC94-4ABC-BAFE-F9F017C5DB94}.Debug|iPhoneSimulator.Build.0 = Debug|Any CPU
		{2198258E-AC94-4ABC-BAFE-F9F017C5DB94}.Debug|iPhoneSimulator.Deploy.0 = Debug|Any CPU
		{2198258E-AC94-4ABC-BAFE-F9F017C5DB94}.Release|Any CPU.ActiveCfg = Release|Any CPU
		{2198258E-AC94-4ABC-BAFE-F9F017C5DB94}.Release|Any CPU.Build.0 = Release|Any CPU
		{2198258E-AC94-4ABC-BAFE-F9F017C5DB94}.Release|Any CPU.Deploy.0 = Release|Any CPU
		{2198258E-AC94-4ABC-BAFE-F9F017C5DB94}.Release|iPhone.ActiveCfg = Release|Any CPU
		{2198258E-AC94-4ABC-BAFE-F9F017C5DB94}.Release|iPhone.Build.0 = Release|Any CPU
		{2198258E-AC94-4ABC-BAFE-F9F017C5DB94}.Release|iPhone.Deploy.0 = Release|Any CPU
		{2198258E-AC94-4ABC-BAFE-F9F017C5DB94}.Release|iPhoneSimulator.ActiveCfg = Release|Any CPU
		{2198258E-AC94-4ABC-BAFE-F9F017C5DB94}.Release|iPhoneSimulator.Build.0 = Release|Any CPU
		{2198258E-AC94-4ABC-BAFE-F9F017C5DB94}.Release|iPhoneSimulator.Deploy.0 = Release|Any CPU
		{84E1E1EA-B019-4F40-AA2B-F5CBE547DD54}.Debug|Any CPU.ActiveCfg = Debug|iPhone
		{84E1E1EA-B019-4F40-AA2B-F5CBE547DD54}.Debug|Any CPU.Build.0 = Debug|iPhone
		{84E1E1EA-B019-4F40-AA2B-F5CBE547DD54}.Debug|Any CPU.Deploy.0 = Debug|iPhone
		{84E1E1EA-B019-4F40-AA2B-F5CBE547DD54}.Debug|iPhone.ActiveCfg = Debug|iPhone
		{84E1E1EA-B019-4F40-AA2B-F5CBE547DD54}.Debug|iPhone.Build.0 = Debug|iPhone
		{84E1E1EA-B019-4F40-AA2B-F5CBE547DD54}.Debug|iPhone.Deploy.0 = Debug|iPhone
		{84E1E1EA-B019-4F40-AA2B-F5CBE547DD54}.Debug|iPhoneSimulator.ActiveCfg = Debug|iPhoneSimulator
		{84E1E1EA-B019-4F40-AA2B-F5CBE547DD54}.Debug|iPhoneSimulator.Build.0 = Debug|iPhoneSimulator
		{84E1E1EA-B019-4F40-AA2B-F5CBE547DD54}.Debug|iPhoneSimulator.Deploy.0 = Debug|iPhoneSimulator
		{84E1E1EA-B019-4F40-AA2B-F5CBE547DD54}.Release|Any CPU.ActiveCfg = Release|iPhone
		{84E1E1EA-B019-4F40-AA2B-F5CBE547DD54}.Release|Any CPU.Build.0 = Release|iPhone
		{84E1E1EA-B019-4F40-AA2B-F5CBE547DD54}.Release|Any CPU.Deploy.0 = Release|iPhone
		{84E1E1EA-B019-4F40-AA2B-F5CBE547DD54}.Release|iPhone.ActiveCfg = Release|iPhone
		{84E1E1EA-B019-4F40-AA2B-F5CBE547DD54}.Release|iPhone.Build.0 = Release|iPhone
		{84E1E1EA-B019-4F40-AA2B-F5CBE547DD54}.Release|iPhone.Deploy.0 = Release|iPhone
		{84E1E1EA-B019-4F40-AA2B-F5CBE547DD54}.Release|iPhoneSimulator.ActiveCfg = Release|iPhoneSimulator
		{84E1E1EA-B019-4F40-AA2B-F5CBE547DD54}.Release|iPhoneSimulator.Build.0 = Release|iPhoneSimulator
		{84E1E1EA-B019-4F40-AA2B-F5CBE547DD54}.Release|iPhoneSimulator.Deploy.0 = Release|iPhoneSimulator
		{754D188F-D1C6-4640-B812-E16C9F06B55E}.Debug|Any CPU.ActiveCfg = Debug|Any CPU
		{754D188F-D1C6-4640-B812-E16C9F06B55E}.Debug|Any CPU.Build.0 = Debug|Any CPU
		{754D188F-D1C6-4640-B812-E16C9F06B55E}.Debug|Any CPU.Deploy.0 = Debug|Any CPU
		{754D188F-D1C6-4640-B812-E16C9F06B55E}.Debug|iPhone.ActiveCfg = Debug|Any CPU
		{754D188F-D1C6-4640-B812-E16C9F06B55E}.Debug|iPhone.Build.0 = Debug|Any CPU
		{754D188F-D1C6-4640-B812-E16C9F06B55E}.Debug|iPhone.Deploy.0 = Debug|Any CPU
		{754D188F-D1C6-4640-B812-E16C9F06B55E}.Debug|iPhoneSimulator.ActiveCfg = Debug|Any CPU
		{754D188F-D1C6-4640-B812-E16C9F06B55E}.Debug|iPhoneSimulator.Build.0 = Debug|Any CPU
		{754D188F-D1C6-4640-B812-E16C9F06B55E}.Debug|iPhoneSimulator.Deploy.0 = Debug|Any CPU
		{754D188F-D1C6-4640-B812-E16C9F06B55E}.Release|Any CPU.ActiveCfg = Release|Any CPU
		{754D188F-D1C6-4640-B812-E16C9F06B55E}.Release|Any CPU.Build.0 = Release|Any CPU
		{754D188F-D1C6-4640-B812-E16C9F06B55E}.Release|Any CPU.Deploy.0 = Release|Any CPU
		{754D188F-D1C6-4640-B812-E16C9F06B55E}.Release|iPhone.ActiveCfg = Release|Any CPU
		{754D188F-D1C6-4640-B812-E16C9F06B55E}.Release|iPhone.Build.0 = Release|Any CPU
		{754D188F-D1C6-4640-B812-E16C9F06B55E}.Release|iPhone.Deploy.0 = Release|Any CPU
		{754D188F-D1C6-4640-B812-E16C9F06B55E}.Release|iPhoneSimulator.ActiveCfg = Release|Any CPU
		{754D188F-D1C6-4640-B812-E16C9F06B55E}.Release|iPhoneSimulator.Build.0 = Release|Any CPU
		{754D188F-D1C6-4640-B812-E16C9F06B55E}.Release|iPhoneSimulator.Deploy.0 = Release|Any CPU
	EndGlobalSection
	GlobalSection(SolutionProperties) = preSolution
		HideSolutionNode = FALSE
	EndGlobalSection
	GlobalSection(ExtensibilityGlobals) = postSolution
		SolutionGuid = {6FE8594F-C8B7-4B8C-B1CA-D2AD04DC91BD}
	EndGlobalSection
EndGlobal
